# This file was autogenerated by Stack.
# You should not edit this file by hand.
# For more information, please see the documentation at:
#   https://docs.haskellstack.org/en/stable/lock_files

packages:
- completed:
    subdir: llvm-hs
    name: llvm-hs
    version: 12.0.0
    git: https://github.com/llvm-hs/llvm-hs
    pantry-tree:
      size: 12781
      sha256: 0ad0627ac9407d6e9380771621d820d49c19f422681105289ef3ea733ca353f6
    commit: 9db657851caf0aa7805b26bcedbd5f445b70f929
  original:
    subdir: llvm-hs
    git: https://github.com/llvm-hs/llvm-hs
    commit: 9db657851caf0aa7805b26bcedbd5f445b70f929
- completed:
    subdir: llvm-hs-pure
    name: llvm-hs-pure
    version: 12.0.0
    git: https://github.com/llvm-hs/llvm-hs
    pantry-tree:
      size: 2712
      sha256: b46dedc3bfda29f35262505f814968e0aa57ebaf765977e5c9c6da12d3d07850
    commit: 9db657851caf0aa7805b26bcedbd5f445b70f929
  original:
    subdir: llvm-hs-pure
    git: https://github.com/llvm-hs/llvm-hs
    commit: 9db657851caf0aa7805b26bcedbd5f445b70f929
- completed:
    subdir: cardano-prelude
    name: cardano-prelude
    version: 0.1.0.0
    git: https://github.com/input-output-hk/cardano-prelude
    pantry-tree:
      size: 1515
      sha256: 773eda94015450c04f12536752604d566b0694494e74ad7ae28be518a8091b75
    commit: c7fc9fba236972c27a55e0f3d34c2758cf616bfc
  original:
    subdir: cardano-prelude
    git: https://github.com/input-output-hk/cardano-prelude
    commit: c7fc9fba236972c27a55e0f3d34c2758cf616bfc
- completed:
    name: cardano-crypto
    version: 1.1.0
    git: https://github.com/input-output-hk/cardano-crypto
    pantry-tree:
      size: 5300
      sha256: 296774bd04b91e2682f09bf222b1bbc503ac595a3564a44b66e1f287d717d045
    commit: 07397f0e50da97eaa0575d93bee7ac4b2b2576ec
  original:
    git: https://github.com/input-output-hk/cardano-crypto
    commit: 07397f0e50da97eaa0575d93bee7ac4b2b2576ec
- completed:
    subdir: binary
    name: cardano-binary
    version: 1.5.0
    git: https://github.com/input-output-hk/cardano-base
    pantry-tree:
      size: 1884
      sha256: 45318c022814c857757be9615a4beea18ac99fc7c0bedd3d22c7f7dbf36620e0
    commit: 4ea7e2d927c9a7f78ddc69738409a5827ab66b98
  original:
    subdir: binary
    git: https://github.com/input-output-hk/cardano-base
    commit: 4ea7e2d927c9a7f78ddc69738409a5827ab66b98
- completed:
    subdir: cardano-crypto-class
    name: cardano-crypto-class
    version: 2.0.0
    git: https://github.com/input-output-hk/cardano-base
    pantry-tree:
      size: 3365
      sha256: 40abb95d276ba4ee0bbdb7ae722905bde7853204ffc72f5c9b59cd2e27f693db
    commit: 4ea7e2d927c9a7f78ddc69738409a5827ab66b98
  original:
    subdir: cardano-crypto-class
    git: https://github.com/input-output-hk/cardano-base
    commit: 4ea7e2d927c9a7f78ddc69738409a5827ab66b98
- completed:
    subdir: prettyprinter-configurable
    name: prettyprinter-configurable
    version: 0.1.0.0
    git: https://github.com/input-output-hk/plutus
    pantry-tree:
      size: 1191
      sha256: 9eb538807b44b439f2c23fcb64eddb99fdd18793f935dd9e7567d4019f4aded3
    commit: baeba3a73de4aa3c7e4a14fe5cc0aef24798405e
  original:
    subdir: prettyprinter-configurable
    git: https://github.com/input-output-hk/plutus
    commit: baeba3a73de4aa3c7e4a14fe5cc0aef24798405e
- completed:
    subdir: plutus-core
    name: plutus-core
    version: 0.1.0.0
    git: https://github.com/input-output-hk/plutus
    pantry-tree:
      size: 76826
      sha256: 7cc65d117f7a9106799df4ef6576815390b8264b0a1d8134a58fca08b0629f52
    commit: baeba3a73de4aa3c7e4a14fe5cc0aef24798405e
  original:
    subdir: plutus-core
    git: https://github.com/input-output-hk/plutus
    commit: baeba3a73de4aa3c7e4a14fe5cc0aef24798405e
- completed:
    subdir: word-array
    name: word-array
    version: 0.1.0.0
    git: https://github.com/input-output-hk/plutus
    pantry-tree:
      size: 330
      sha256: 628f8e4ff2dc03cc45414910d63241fcab3726ed05ff8bf5e4a6299fd287a310
    commit: baeba3a73de4aa3c7e4a14fe5cc0aef24798405e
  original:
    subdir: word-array
    git: https://github.com/input-output-hk/plutus
    commit: baeba3a73de4aa3c7e4a14fe5cc0aef24798405e
- completed:
    name: flat
    version: 0.4.5
    git: https://github.com/michaelpj/flat.git
    pantry-tree:
      size: 7253
      sha256: 87a168685f1ec857e6cc3b003c536da71638d6dea39d550691d611768b1fc101
    commit: ee59880f47ab835dbd73bea0847dab7869fc20d8
  original:
    git: https://github.com/michaelpj/flat.git
    commit: ee59880f47ab835dbd73bea0847dab7869fc20d8
- completed:
    hackage: canonical-json-0.6.0.0@sha256:9021f435ccb884a3b4c55bcc6b50eb19d5fc3cc3f29d5fcbdef016f5bbae23a2,3488
    pantry-tree:
      size: 646
      sha256: 18e3afbd09480a247cd39355929d638e0888ccd2c3873cb79c5a5bc2231fae4f
  original:
    hackage: canonical-json-0.6.0.0@sha256:9021f435ccb884a3b4c55bcc6b50eb19d5fc3cc3f29d5fcbdef016f5bbae23a2,3488
- completed:
    hackage: composition-prelude-3.0.0.2@sha256:1ffed216bd28d810fce0b5be83a661e2a892696d73b3f8de5c0f5edb9b5f0090,1216
    pantry-tree:
      size: 284
      sha256: 94fc1c55e9065ae575315ac52a552d0e03beaefef4669a58a9745c6d71b4dd6b
  original:
    hackage: composition-prelude-3.0.0.2@sha256:1ffed216bd28d810fce0b5be83a661e2a892696d73b3f8de5c0f5edb9b5f0090,1216
- completed:
    hackage: dom-lt-0.2.3@sha256:89f17bbeb0d23f5a46fe7099b81cc9b4b5df32aadb5080fc171c874aafc802c0,1850
    pantry-tree:
      size: 442
      sha256: 7daf5082515248f0d0d0b7d164d079f970318e26d39f1ffd15519bd22bbe559a
  original:
    hackage: dom-lt-0.2.3@sha256:89f17bbeb0d23f5a46fe7099b81cc9b4b5df32aadb5080fc171c874aafc802c0,1850
- completed:
    hackage: lazy-search-0.1.2.1@sha256:c942a01e4a64881f89c72eaef5e3a78eba8750759cd66996c6746a2a7cabe703,1199
    pantry-tree:
      size: 279
      sha256: 824505340a62d82742882c1fa57a0532e0ae3c69cbb7947fe758ce47b93af2dd
  original:
    hackage: lazy-search-0.1.2.1@sha256:c942a01e4a64881f89c72eaef5e3a78eba8750759cd66996c6746a2a7cabe703,1199
- completed:
    hackage: monoidal-containers-0.6.1.0@sha256:5a15cf46aaf4472ca6aa7f4e4fbab903a902e6f320a000a4a9e60a649e4381c8,2219
    pantry-tree:
      size: 569
      sha256: a4f25ce481d7fd898f85f246e661cfb13f5ca401284a8d9a66bafa17ff07da74
  original:
    hackage: monoidal-containers-0.6.1.0@sha256:5a15cf46aaf4472ca6aa7f4e4fbab903a902e6f320a000a4a9e60a649e4381c8,2219
- completed:
    hackage: nothunks-0.1.3@sha256:33bb3af223163535fa59d1fa83ba95a355106ba3fcffe5452d4abbf13ab4608d,2521
    pantry-tree:
      size: 342
      sha256: d820c85513f1096f80721aca248201eea865f44b812706c843f55d7b2a7ab289
  original:
    hackage: nothunks-0.1.3@sha256:33bb3af223163535fa59d1fa83ba95a355106ba3fcffe5452d4abbf13ab4608d,2521
- completed:
    hackage: size-based-0.1.2.0@sha256:1b33da89d270189661dbbda49a88b0c21d2fc2f7a407e7a2b1933e2faf0f5d4d,1258
    pantry-tree:
      size: 480
      sha256: 2c8a16986903aecfc14ada381ff9f369e218feaf5dc90e934e93ecbf83905b1a
  original:
    hackage: size-based-0.1.2.0@sha256:1b33da89d270189661dbbda49a88b0c21d2fc2f7a407e7a2b1933e2faf0f5d4d,1258
- completed:
    hackage: base-compat-0.12.1@sha256:20e50848d9dfee1523fafe8950060b04fae43d402c15553da5c7cacd116f7846,6960
    pantry-tree:
      size: 9038
      sha256: 2f2c14615443954f117613d77835234b598718e611fb4cf4522e01980bf1bcbd
  original:
    hackage: base-compat-0.12.1
snapshots:
- completed:
    size: 586296
    url: https://raw.githubusercontent.com/commercialhaskell/stackage-snapshots/master/lts/18/18.yaml
    sha256: 63539429076b7ebbab6daa7656cfb079393bf644971156dc349d7c0453694ac2
  original: lts-18.18
