# This file was autogenerated by Stack.
# You should not edit this file by hand.
# For more information, please see the documentation at:
#   https://docs.haskellstack.org/en/stable/lock_files

packages:
- completed:
    subdir: cardano-prelude
    name: cardano-prelude
    version: 0.1.0.0
    git: https://github.com/input-output-hk/cardano-prelude
    pantry-tree:
      size: 1515
      sha256: 773eda94015450c04f12536752604d566b0694494e74ad7ae28be518a8091b75
    commit: c7fc9fba236972c27a55e0f3d34c2758cf616bfc
  original:
    subdir: cardano-prelude
    git: https://github.com/input-output-hk/cardano-prelude
    commit: c7fc9fba236972c27a55e0f3d34c2758cf616bfc
- completed:
    name: cardano-crypto
    version: 1.1.0
    git: https://github.com/input-output-hk/cardano-crypto
    pantry-tree:
      size: 5300
      sha256: 296774bd04b91e2682f09bf222b1bbc503ac595a3564a44b66e1f287d717d045
    commit: 07397f0e50da97eaa0575d93bee7ac4b2b2576ec
  original:
    git: https://github.com/input-output-hk/cardano-crypto
    commit: 07397f0e50da97eaa0575d93bee7ac4b2b2576ec
- completed:
    subdir: binary
    name: cardano-binary
    version: 1.5.0
    git: https://github.com/input-output-hk/cardano-base
    pantry-tree:
      size: 1884
      sha256: 45318c022814c857757be9615a4beea18ac99fc7c0bedd3d22c7f7dbf36620e0
    commit: 4ea7e2d927c9a7f78ddc69738409a5827ab66b98
  original:
    subdir: binary
    git: https://github.com/input-output-hk/cardano-base
    commit: 4ea7e2d927c9a7f78ddc69738409a5827ab66b98
- completed:
    subdir: cardano-crypto-class
    name: cardano-crypto-class
    version: 2.0.0
    git: https://github.com/input-output-hk/cardano-base
    pantry-tree:
      size: 3365
      sha256: 40abb95d276ba4ee0bbdb7ae722905bde7853204ffc72f5c9b59cd2e27f693db
    commit: 4ea7e2d927c9a7f78ddc69738409a5827ab66b98
  original:
    subdir: cardano-crypto-class
    git: https://github.com/input-output-hk/cardano-base
    commit: 4ea7e2d927c9a7f78ddc69738409a5827ab66b98
- completed:
    subdir: prettyprinter-configurable
    name: prettyprinter-configurable
    version: 0.1.0.0
    git: https://github.com/input-output-hk/plutus
    pantry-tree:
      size: 1191
      sha256: 9eb538807b44b439f2c23fcb64eddb99fdd18793f935dd9e7567d4019f4aded3
    commit: baeba3a73de4aa3c7e4a14fe5cc0aef24798405e
  original:
    subdir: prettyprinter-configurable
    git: https://github.com/input-output-hk/plutus
    commit: baeba3a73de4aa3c7e4a14fe5cc0aef24798405e
- completed:
    subdir: plutus-core
    name: plutus-core
    version: 0.1.0.0
    git: https://github.com/input-output-hk/plutus
    pantry-tree:
      size: 76826
      sha256: 7cc65d117f7a9106799df4ef6576815390b8264b0a1d8134a58fca08b0629f52
    commit: baeba3a73de4aa3c7e4a14fe5cc0aef24798405e
  original:
    subdir: plutus-core
    git: https://github.com/input-output-hk/plutus
    commit: baeba3a73de4aa3c7e4a14fe5cc0aef24798405e
- completed:
    subdir: word-array
    name: word-array
    version: 0.1.0.0
    git: https://github.com/input-output-hk/plutus
    pantry-tree:
      size: 330
      sha256: 628f8e4ff2dc03cc45414910d63241fcab3726ed05ff8bf5e4a6299fd287a310
    commit: baeba3a73de4aa3c7e4a14fe5cc0aef24798405e
  original:
    subdir: word-array
    git: https://github.com/input-output-hk/plutus
    commit: baeba3a73de4aa3c7e4a14fe5cc0aef24798405e
- completed:
    name: flat
    version: 0.4.5
    git: https://github.com/michaelpj/flat.git
    pantry-tree:
      size: 7253
      sha256: 87a168685f1ec857e6cc3b003c536da71638d6dea39d550691d611768b1fc101
    commit: ee59880f47ab835dbd73bea0847dab7869fc20d8
  original:
    git: https://github.com/michaelpj/flat.git
    commit: ee59880f47ab835dbd73bea0847dab7869fc20d8
- completed:
    hackage: base16-bytestring-1.0.1.0@sha256:33b9d57afa334d06485033e930c6b13fc760baf88fd8f715ae2f9a4b46e19a54,2641
    pantry-tree:
      size: 595
      sha256: 24661ef9b1089d468227300f8ceb89194b5cce68b9f6ed8109b01f63c07f54e3
  original:
    hackage: base16-bytestring-1.0.1.0@sha256:33b9d57afa334d06485033e930c6b13fc760baf88fd8f715ae2f9a4b46e19a54,2641
- completed:
    hackage: canonical-json-0.6.0.0@sha256:9021f435ccb884a3b4c55bcc6b50eb19d5fc3cc3f29d5fcbdef016f5bbae23a2,3488
    pantry-tree:
      size: 646
      sha256: 18e3afbd09480a247cd39355929d638e0888ccd2c3873cb79c5a5bc2231fae4f
  original:
    hackage: canonical-json-0.6.0.0@sha256:9021f435ccb884a3b4c55bcc6b50eb19d5fc3cc3f29d5fcbdef016f5bbae23a2,3488
- completed:
    hackage: composition-prelude-3.0.0.2@sha256:1ffed216bd28d810fce0b5be83a661e2a892696d73b3f8de5c0f5edb9b5f0090,1216
    pantry-tree:
      size: 284
      sha256: 94fc1c55e9065ae575315ac52a552d0e03beaefef4669a58a9745c6d71b4dd6b
  original:
    hackage: composition-prelude-3.0.0.2@sha256:1ffed216bd28d810fce0b5be83a661e2a892696d73b3f8de5c0f5edb9b5f0090,1216
- completed:
    hackage: constraints-extras-0.3.1.0@sha256:c70fcf437e1d640cfd50a8eda1db47a64e49c96857e08fd0d8c438327d908ac1,1846
    pantry-tree:
      size: 595
      sha256: f29920355b21ef7a7218573591aa740b01b3d1fb3b0bbd66e2f726d091d56fb2
  original:
    hackage: constraints-extras-0.3.1.0@sha256:c70fcf437e1d640cfd50a8eda1db47a64e49c96857e08fd0d8c438327d908ac1,1846
- completed:
    hackage: dependent-map-0.4.0.0@sha256:ca2b131046f4340a1c35d138c5a003fe4a5be96b14efc26291ed35fd08c62221,1657
    pantry-tree:
      size: 551
      sha256: 5defa30010904d2ad05a036f3eaf83793506717c93cbeb599f40db1a3632cfc5
  original:
    hackage: dependent-map-0.4.0.0@sha256:ca2b131046f4340a1c35d138c5a003fe4a5be96b14efc26291ed35fd08c62221,1657
- completed:
    hackage: dependent-sum-0.7.1.0@sha256:0e419237f5b86da3659772afff9cab355c0f8d5b3fdb15a5b30e673d8dc83941,2147
    pantry-tree:
      size: 290
      sha256: 009601e5d33e835c7a384e240c5c6ad12643bce9c54b2a0b07201daee3380e51
  original:
    hackage: dependent-sum-0.7.1.0@sha256:0e419237f5b86da3659772afff9cab355c0f8d5b3fdb15a5b30e673d8dc83941,2147
- completed:
    hackage: dependent-sum-template-0.1.0.3@sha256:0bbbacdfbd3abf2a15aaf0cf2c27e5bdd159b519441fec39e1e6f2f54424adde,1682
    pantry-tree:
      size: 436
      sha256: 32eeadeb991a290a1da41ce7e995dee7d38ebba3bd3e53ea8074c32c086701fd
  original:
    hackage: dependent-sum-template-0.1.0.3@sha256:0bbbacdfbd3abf2a15aaf0cf2c27e5bdd159b519441fec39e1e6f2f54424adde,1682
- completed:
    hackage: dom-lt-0.2.2.1@sha256:6b005b64f10a0f73f716898e0f4b4d93a02c31dc8abb155c14afd870e3abf9ac,1778
    pantry-tree:
      size: 441
      sha256: b495c6fd847c5e10506d952a6051feb9f3ff03666aa917b04dc6bb559b83a58c
  original:
    hackage: dom-lt-0.2.2.1@sha256:6b005b64f10a0f73f716898e0f4b4d93a02c31dc8abb155c14afd870e3abf9ac,1778
- completed:
    hackage: indexed-traversable-instances-0.1@sha256:3aaf97040001bbe583e29c2b9c7d41660df265e6565a0d2ac09a3ed5b8bc21be,2874
    pantry-tree:
      size: 427
      sha256: d69630ba4b548b72eed15553586ce7b1e574cd8e4cc5b30d506ab3a697b26502
  original:
    hackage: indexed-traversable-instances-0.1@sha256:3aaf97040001bbe583e29c2b9c7d41660df265e6565a0d2ac09a3ed5b8bc21be,2874
- completed:
    hackage: lazy-search-0.1.2.1@sha256:c942a01e4a64881f89c72eaef5e3a78eba8750759cd66996c6746a2a7cabe703,1199
    pantry-tree:
      size: 279
      sha256: 824505340a62d82742882c1fa57a0532e0ae3c69cbb7947fe758ce47b93af2dd
  original:
    hackage: lazy-search-0.1.2.1@sha256:c942a01e4a64881f89c72eaef5e3a78eba8750759cd66996c6746a2a7cabe703,1199
- completed:
    hackage: lazysmallcheck-0.6@sha256:dac7a1e4877681f1260309e863e896674dd6efc1159897b7945893e693f2a6bc,1696
    pantry-tree:
      size: 2008
      sha256: aea6b83dd91703fd130d98ecfed88b8f16841b22990c837c8fde89f9f6cca809
  original:
    hackage: lazysmallcheck-0.6@sha256:dac7a1e4877681f1260309e863e896674dd6efc1159897b7945893e693f2a6bc,1696
- completed:
    hackage: monoidal-containers-0.6.0.1@sha256:f56ea8fe91ff93da140e38b8dab4b94437b901818c13ba72fc7fc802290323ee,2583
    pantry-tree:
      size: 569
      sha256: 3a43dbbb1839521aae37a2baa3fb3ad0cc61a0a8fc4e3aec1f7dda15b92a0279
  original:
    hackage: monoidal-containers-0.6.0.1@sha256:f56ea8fe91ff93da140e38b8dab4b94437b901818c13ba72fc7fc802290323ee,2583
- completed:
    hackage: nothunks-0.1.3@sha256:33bb3af223163535fa59d1fa83ba95a355106ba3fcffe5452d4abbf13ab4608d,2521
    pantry-tree:
      size: 342
      sha256: d820c85513f1096f80721aca248201eea865f44b812706c843f55d7b2a7ab289
  original:
    hackage: nothunks-0.1.3@sha256:33bb3af223163535fa59d1fa83ba95a355106ba3fcffe5452d4abbf13ab4608d,2521
- completed:
    hackage: size-based-0.1.2.0@sha256:1b33da89d270189661dbbda49a88b0c21d2fc2f7a407e7a2b1933e2faf0f5d4d,1258
    pantry-tree:
      size: 480
      sha256: 2c8a16986903aecfc14ada381ff9f369e218feaf5dc90e934e93ecbf83905b1a
  original:
    hackage: size-based-0.1.2.0@sha256:1b33da89d270189661dbbda49a88b0c21d2fc2f7a407e7a2b1933e2faf0f5d4d,1258
- completed:
    hackage: some-1.0.2@sha256:3d460998df32ad7b93bf55657aeae988d97070155e71718b4bc75d0997ce9d62,2244
    pantry-tree:
      size: 708
      sha256: 119b67a712f8ba938383969b629cb3d489eacd10f9525346e19867ea0eb1be98
  original:
    hackage: some-1.0.2@sha256:3d460998df32ad7b93bf55657aeae988d97070155e71718b4bc75d0997ce9d62,2244
- completed:
    hackage: Stream-0.4.7.2@sha256:ed78165aa34c4e23dc53c9072f8715d414a585037f2145ea0eb2b38300354c53,1009
    pantry-tree:
      size: 207
      sha256: 009fe33c4779bd1705a26f9b036f0996e9fc85df06418aec3dda967554e6ef83
  original:
    hackage: Stream-0.4.7.2@sha256:ed78165aa34c4e23dc53c9072f8715d414a585037f2145ea0eb2b38300354c53,1009
- completed:
    hackage: vector-0.12.3.1@sha256:672884b271c15501f1398dc1755c435d3659cf9aa77144c0316d055b5fbdfa82,7932
    pantry-tree:
      size: 3842
      sha256: 7201fd69d4558190fa28b3cc0a5e21a47453647c5ccb23d949a63ba07f0ef8b9
  original:
    hackage: vector-0.12.3.1@sha256:672884b271c15501f1398dc1755c435d3659cf9aa77144c0316d055b5fbdfa82,7932
- completed:
    hackage: witherable-0.4.2@sha256:f15fef5f9453722c7baf5beb562d536d153366af6a631cc53e60b76fedee90f2,2260
    pantry-tree:
      size: 384
      sha256: 8321b4411a0c51bec29b606ee5918512c514ff179076c4aef884ded6d072556d
  original:
    hackage: witherable-0.4.2@sha256:f15fef5f9453722c7baf5beb562d536d153366af6a631cc53e60b76fedee90f2,2260
- completed:
    subdir: llvm-hs
    name: llvm-hs
    version: 12.0.0
    git: https://github.com/llvm-hs/llvm-hs
    pantry-tree:
      size: 12781
      sha256: 0ad0627ac9407d6e9380771621d820d49c19f422681105289ef3ea733ca353f6
    commit: 9db657851caf0aa7805b26bcedbd5f445b70f929
  original:
    subdir: llvm-hs
    git: https://github.com/llvm-hs/llvm-hs
    commit: 9db657851caf0aa7805b26bcedbd5f445b70f929
- completed:
    subdir: llvm-hs-pure
    name: llvm-hs-pure
    version: 12.0.0
    git: https://github.com/llvm-hs/llvm-hs
    pantry-tree:
      size: 2712
      sha256: b46dedc3bfda29f35262505f814968e0aa57ebaf765977e5c9c6da12d3d07850
    commit: 9db657851caf0aa7805b26bcedbd5f445b70f929
  original:
    subdir: llvm-hs-pure
    git: https://github.com/llvm-hs/llvm-hs
    commit: 9db657851caf0aa7805b26bcedbd5f445b70f929
- completed:
    name: plc-utils
    version: 0.1.0.0
    git: https://github.com/HachiSecurity/plc-utils
    pantry-tree:
      size: 816
      sha256: 7494ab06b7b35edd50cbb3497c08c404222544dca61ba022cc46bc0a40901745
    commit: a6fbc2eb9fbef5fd48d14bf69faab5c1743da61a
  original:
    git: https://github.com/HachiSecurity/plc-utils
    commit: a6fbc2eb9fbef5fd48d14bf69faab5c1743da61a
snapshots:
- completed:
    size: 2722
    url: https://raw.githubusercontent.com/HachiSecurity/plutus-resolver/main/lts-17.14.yaml
    sha256: 1336671fa5c699002da0ec26ff0647b06d38bd86f3e2d44d54de4d6ce9f98b88
  original:
    url: https://raw.githubusercontent.com/HachiSecurity/plutus-resolver/main/lts-17.14.yaml
- completed:
    size: 567677
    url: https://raw.githubusercontent.com/commercialhaskell/stackage-snapshots/master/lts/17/14.yaml
    sha256: 3740f22286bf5e6e3d82f88125e1c708b6e27847211f956b530aa5d83cf39383
  original: lts-17.14
